
Microsoft Visual Studio Solution File, Format Version 12.00
# Visual Studio 15
VisualStudioVersion = 15.0.27428.2037
MinimumVisualStudioVersion = 10.0.40219.1
Project("{FAE04EC0-301F-11D3-BF4B-00C04F79EFBC}") = "EjercicioValidarEntregar", "EjercicioValidarEntregar\EjercicioValidarEntregar.csproj", "{4A44F5BA-C1B3-4906-9926-E2CE9FD7036A}"
EndProject
Global
	GlobalSection(SolutionConfigurationPlatforms) = preSolution
		Debug|Any CPU = Debug|Any CPU
		Release|Any CPU = Release|Any CPU
	EndGlobalSection
	GlobalSection(ProjectConfigurationPlatforms) = postSolution
		{4A44F5BA-C1B3-4906-9926-E2CE9FD7036A}.Debug|Any CPU.ActiveCfg = Debug|Any CPU
		{4A44F5BA-C1B3-4906-9926-E2CE9FD7036A}.Debug|Any CPU.Build.0 = Debug|Any CPU
		{4A44F5BA-C1B3-4906-9926-E2CE9FD7036A}.Release|Any CPU.ActiveCfg = Release|Any CPU
		{4A44F5BA-C1B3-4906-9926-E2CE9FD7036A}.Release|Any CPU.Build.0 = Release|Any CPU
	EndGlobalSection
	GlobalSection(SolutionProperties) = preSolution
		HideSolutionNode = FALSE
	EndGlobalSection
	GlobalSection(ExtensibilityGlobals) = postSolution
		SolutionGuid = {34816826-1508-4342-BDFA-D370BCB7394F}
	EndGlobalSection
EndGlobal
